
Microsoft Visual Studio Solution File, Format Version 12.00
# Visual Studio Version 16
VisualStudioVersion = 16.0.29709.97
MinimumVisualStudioVersion = 10.0.40219.1
Project("{FAE04EC0-301F-11D3-BF4B-00C04F79EFBC}") = "SmartHouse.WEB", "SmartHouse.WEB.csproj", "{7ADA56C4-1A5C-4228-9C49-0D58E577841E}"
EndProject
Global
	GlobalSection(SolutionConfigurationPlatforms) = preSolution
		Debug|Any CPU = Debug|Any CPU
		Release|Any CPU = Release|Any CPU
	EndGlobalSection
	GlobalSection(ProjectConfigurationPlatforms) = postSolution
		{7ADA56C4-1A5C-4228-9C49-0D58E577841E}.Debug|Any CPU.ActiveCfg = Debug|Any CPU
		{7ADA56C4-1A5C-4228-9C49-0D58E577841E}.Debug|Any CPU.Build.0 = Debug|Any CPU
		{7ADA56C4-1A5C-4228-9C49-0D58E577841E}.Release|Any CPU.ActiveCfg = Release|Any CPU
		{7ADA56C4-1A5C-4228-9C49-0D58E577841E}.Release|Any CPU.Build.0 = Release|Any CPU
	EndGlobalSection
	GlobalSection(SolutionProperties) = preSolution
		HideSolutionNode = FALSE
	EndGlobalSection
	GlobalSection(ExtensibilityGlobals) = postSolution
		SolutionGuid = {9C319B77-2D7C-4542-A790-98A98C63C87C}
	EndGlobalSection
EndGlobal
